
Microsoft Visual Studio Solution File, Format Version 12.00
# Visual Studio Version 16
VisualStudioVersion = 16.0.34301.259
MinimumVisualStudioVersion = 10.0.40219.1
Project("{FAE04EC0-301F-11D3-BF4B-00C04F79EFBC}") = "Test", "Test\Test.csproj", "{4A4BB7D8-27F2-4DC2-862F-4D7ADC2C4BE4}"
EndProject
Global
	GlobalSection(SolutionConfigurationPlatforms) = preSolution
		Debug|Any CPU = Debug|Any CPU
		Release|Any CPU = Release|Any CPU
	EndGlobalSection
	GlobalSection(ProjectConfigurationPlatforms) = postSolution
		{4A4BB7D8-27F2-4DC2-862F-4D7ADC2C4BE4}.Debug|Any CPU.ActiveCfg = Debug|Any CPU
		{4A4BB7D8-27F2-4DC2-862F-4D7ADC2C4BE4}.Debug|Any CPU.Build.0 = Debug|Any CPU
		{4A4BB7D8-27F2-4DC2-862F-4D7ADC2C4BE4}.Release|Any CPU.ActiveCfg = Release|Any CPU
		{4A4BB7D8-27F2-4DC2-862F-4D7ADC2C4BE4}.Release|Any CPU.Build.0 = Release|Any CPU
	EndGlobalSection
	GlobalSection(SolutionProperties) = preSolution
		HideSolutionNode = FALSE
	EndGlobalSection
	GlobalSection(ExtensibilityGlobals) = postSolution
		SolutionGuid = {1232B7F4-F79B-4DA4-91AE-4518A5C06F90}
	EndGlobalSection
EndGlobal
