
Microsoft Visual Studio Solution File, Format Version 12.00
# Visual Studio Version 16
VisualStudioVersion = 16.0.34301.259
MinimumVisualStudioVersion = 10.0.40219.1
Project("{FAE04EC0-301F-11D3-BF4B-00C04F79EFBC}") = "ConsoleApp2", "ConsoleApp2\ConsoleApp2.csproj", "{929BDF1E-10A1-48EC-8D5F-F63D8F1DC582}"
EndProject
Global
	GlobalSection(SolutionConfigurationPlatforms) = preSolution
		Debug|Any CPU = Debug|Any CPU
		Release|Any CPU = Release|Any CPU
	EndGlobalSection
	GlobalSection(ProjectConfigurationPlatforms) = postSolution
		{929BDF1E-10A1-48EC-8D5F-F63D8F1DC582}.Debug|Any CPU.ActiveCfg = Debug|Any CPU
		{929BDF1E-10A1-48EC-8D5F-F63D8F1DC582}.Debug|Any CPU.Build.0 = Debug|Any CPU
		{929BDF1E-10A1-48EC-8D5F-F63D8F1DC582}.Release|Any CPU.ActiveCfg = Release|Any CPU
		{929BDF1E-10A1-48EC-8D5F-F63D8F1DC582}.Release|Any CPU.Build.0 = Release|Any CPU
	EndGlobalSection
	GlobalSection(SolutionProperties) = preSolution
		HideSolutionNode = FALSE
	EndGlobalSection
	GlobalSection(ExtensibilityGlobals) = postSolution
		SolutionGuid = {D08A67C2-3F59-46E9-A9DB-DA9EF27C5334}
	EndGlobalSection
EndGlobal
