
Microsoft Visual Studio Solution File, Format Version 12.00
# Visual Studio Version 16
VisualStudioVersion = 16.0.34301.259
MinimumVisualStudioVersion = 10.0.40219.1
Project("{FAE04EC0-301F-11D3-BF4B-00C04F79EFBC}") = "BT2", "BT2\BT2.csproj", "{F2880A7C-D84D-42DF-BB2F-5B3B0F89DD00}"
EndProject
Global
	GlobalSection(SolutionConfigurationPlatforms) = preSolution
		Debug|Any CPU = Debug|Any CPU
		Release|Any CPU = Release|Any CPU
	EndGlobalSection
	GlobalSection(ProjectConfigurationPlatforms) = postSolution
		{F2880A7C-D84D-42DF-BB2F-5B3B0F89DD00}.Debug|Any CPU.ActiveCfg = Debug|Any CPU
		{F2880A7C-D84D-42DF-BB2F-5B3B0F89DD00}.Debug|Any CPU.Build.0 = Debug|Any CPU
		{F2880A7C-D84D-42DF-BB2F-5B3B0F89DD00}.Release|Any CPU.ActiveCfg = Release|Any CPU
		{F2880A7C-D84D-42DF-BB2F-5B3B0F89DD00}.Release|Any CPU.Build.0 = Release|Any CPU
	EndGlobalSection
	GlobalSection(SolutionProperties) = preSolution
		HideSolutionNode = FALSE
	EndGlobalSection
	GlobalSection(ExtensibilityGlobals) = postSolution
		SolutionGuid = {BB0AF45D-261C-4777-815B-215EC5BEF22B}
	EndGlobalSection
EndGlobal
